
Microsoft Visual Studio Solution File, Format Version 12.00
# Visual Studio Version 17
VisualStudioVersion = 17.5.002.0
MinimumVisualStudioVersion = 10.0.40219.1
Project("{9A19103F-16F7-4668-BE54-9A1E7A4F7556}") = "Web", "Web.csproj", "{489B0BFC-6FD2-4C38-A05C-E6AD8256095F}"
EndProject
Global
	GlobalSection(SolutionConfigurationPlatforms) = preSolution
		Debug|Any CPU = Debug|Any CPU
		Release|Any CPU = Release|Any CPU
	EndGlobalSection
	GlobalSection(ProjectConfigurationPlatforms) = postSolution
		{489B0BFC-6FD2-4C38-A05C-E6AD8256095F}.Debug|Any CPU.ActiveCfg = Debug|Any CPU
		{489B0BFC-6FD2-4C38-A05C-E6AD8256095F}.Debug|Any CPU.Build.0 = Debug|Any CPU
		{489B0BFC-6FD2-4C38-A05C-E6AD8256095F}.Release|Any CPU.ActiveCfg = Release|Any CPU
		{489B0BFC-6FD2-4C38-A05C-E6AD8256095F}.Release|Any CPU.Build.0 = Release|Any CPU
	EndGlobalSection
	GlobalSection(SolutionProperties) = preSolution
		HideSolutionNode = FALSE
	EndGlobalSection
	GlobalSection(ExtensibilityGlobals) = postSolution
		SolutionGuid = {E09B6629-C163-40E8-8919-CA7112845E10}
	EndGlobalSection
EndGlobal
